lockfileVersion: '9.0'

settings:
  autoInstallPeers: true
  excludeLinksFromLockfile: false

importers:

  .:
    devDependencies:
      '@types/jquery':
        specifier: ^4.0.0
        version: 4.0.1

packages:

  '@types/jquery@4.0.1':
    resolution: {integrity: sha512-9a59A/tycXgYuPABcp6/3spSShn0NT2UOM4EfHvMumjYi4lJWTsK5SZWjhx3yRm9IHGCeWXdV2YfNsrWrft/CA==}

snapshots:

  '@types/jquery@4.0.1': {}
